
Microsoft Visual Studio Solution File, Format Version 12.00
# Visual Studio Version 17
VisualStudioVersion = 17.4.33205.214
MinimumVisualStudioVersion = 10.0.40219.1
Project("{9A19103F-16F7-4668-BE54-9A1E7A4F7556}") = "CustomAnalyzer", "CustomAnalyzer\CustomAnalyzer\CustomAnalyzer.csproj", "{FF00B256-A778-4FF7-B06D-99291E425896}"
EndProject
Project("{9A19103F-16F7-4668-BE54-9A1E7A4F7556}") = "CustomAnalyzer.Vsix", "CustomAnalyzer\CustomAnalyzer.Vsix\CustomAnalyzer.Vsix.csproj", "{31AA5402-D652-4D3E-82AE-35B14F5F2D7F}"
EndProject
Project("{9A19103F-16F7-4668-BE54-9A1E7A4F7556}") = "AnalyzerTest", "AnalyzerTest\AnalyzerTest.csproj", "{5ED1CC33-0BEC-490C-AD3F-79F2410F4A85}"
EndProject
Global
	GlobalSection(SolutionConfigurationPlatforms) = preSolution
		Debug|Any CPU = Debug|Any CPU
		Release|Any CPU = Release|Any CPU
	EndGlobalSection
	GlobalSection(ProjectConfigurationPlatforms) = postSolution
		{FF00B256-A778-4FF7-B06D-99291E425896}.Debug|Any CPU.ActiveCfg = Debug|Any CPU
		{FF00B256-A778-4FF7-B06D-99291E425896}.Debug|Any CPU.Build.0 = Debug|Any CPU
		{FF00B256-A778-4FF7-B06D-99291E425896}.Release|Any CPU.ActiveCfg = Release|Any CPU
		{FF00B256-A778-4FF7-B06D-99291E425896}.Release|Any CPU.Build.0 = Release|Any CPU
		{31AA5402-D652-4D3E-82AE-35B14F5F2D7F}.Debug|Any CPU.ActiveCfg = Debug|Any CPU
		{31AA5402-D652-4D3E-82AE-35B14F5F2D7F}.Debug|Any CPU.Build.0 = Debug|Any CPU
		{31AA5402-D652-4D3E-82AE-35B14F5F2D7F}.Release|Any CPU.ActiveCfg = Release|Any CPU
		{31AA5402-D652-4D3E-82AE-35B14F5F2D7F}.Release|Any CPU.Build.0 = Release|Any CPU
		{5ED1CC33-0BEC-490C-AD3F-79F2410F4A85}.Debug|Any CPU.ActiveCfg = Debug|Any CPU
		{5ED1CC33-0BEC-490C-AD3F-79F2410F4A85}.Debug|Any CPU.Build.0 = Debug|Any CPU
		{5ED1CC33-0BEC-490C-AD3F-79F2410F4A85}.Release|Any CPU.ActiveCfg = Release|Any CPU
		{5ED1CC33-0BEC-490C-AD3F-79F2410F4A85}.Release|Any CPU.Build.0 = Release|Any CPU
	EndGlobalSection
	GlobalSection(SolutionProperties) = preSolution
		HideSolutionNode = FALSE
	EndGlobalSection
	GlobalSection(ExtensibilityGlobals) = postSolution
		SolutionGuid = {A1C80D80-28A9-4925-A48D-95BE292DDA86}
	EndGlobalSection
EndGlobal
